
Microsoft Visual Studio Solution File, Format Version 12.00
# Visual Studio 15
Project("{FAE04EC0-301F-11D3-BF4B-00C04F79EFBC}") = "ListView.Android", "ListView.Android\ListView.Android.csproj", "{9AC3066E-B08B-4A00-9AC2-EF7526F5ADC3}"
EndProject
Project("{FAE04EC0-301F-11D3-BF4B-00C04F79EFBC}") = "ListView.iOS", "ListView.iOS\ListView.iOS.csproj", "{A14A4D13-4C31-4132-9E42-452680B558E2}"
EndProject
Project("{FAE04EC0-301F-11D3-BF4B-00C04F79EFBC}") = "ListView", "ListView\ListView.csproj", "{ABBEFFCA-38FA-4B80-B905-AD630C5DA767}"
EndProject
Global
	GlobalSection(SolutionConfigurationPlatforms) = preSolution
		Debug|Any CPU = Debug|Any CPU
		Release|Any CPU = Release|Any CPU
		Debug|iPhoneSimulator = Debug|iPhoneSimulator
		Release|iPhoneSimulator = Release|iPhoneSimulator
		Debug|iPhone = Debug|iPhone
		Release|iPhone = Release|iPhone
		Ad-Hoc|iPhone = Ad-Hoc|iPhone
		AppStore|iPhone = AppStore|iPhone
	EndGlobalSection
	GlobalSection(ProjectConfigurationPlatforms) = postSolution
		{9AC3066E-B08B-4A00-9AC2-EF7526F5ADC3}.Debug|Any CPU.ActiveCfg = Debug|Any CPU
		{9AC3066E-B08B-4A00-9AC2-EF7526F5ADC3}.Debug|Any CPU.Build.0 = Debug|Any CPU
		{9AC3066E-B08B-4A00-9AC2-EF7526F5ADC3}.Release|Any CPU.ActiveCfg = Release|Any CPU
		{9AC3066E-B08B-4A00-9AC2-EF7526F5ADC3}.Release|Any CPU.Build.0 = Release|Any CPU
		{9AC3066E-B08B-4A00-9AC2-EF7526F5ADC3}.Debug|iPhoneSimulator.ActiveCfg = Debug|Any CPU
		{9AC3066E-B08B-4A00-9AC2-EF7526F5ADC3}.Debug|iPhoneSimulator.Build.0 = Debug|Any CPU
		{9AC3066E-B08B-4A00-9AC2-EF7526F5ADC3}.Release|iPhoneSimulator.ActiveCfg = Release|Any CPU
		{9AC3066E-B08B-4A00-9AC2-EF7526F5ADC3}.Release|iPhoneSimulator.Build.0 = Release|Any CPU
		{9AC3066E-B08B-4A00-9AC2-EF7526F5ADC3}.Debug|iPhone.ActiveCfg = Debug|Any CPU
		{9AC3066E-B08B-4A00-9AC2-EF7526F5ADC3}.Debug|iPhone.Build.0 = Debug|Any CPU
		{9AC3066E-B08B-4A00-9AC2-EF7526F5ADC3}.Release|iPhone.ActiveCfg = Release|Any CPU
		{9AC3066E-B08B-4A00-9AC2-EF7526F5ADC3}.Release|iPhone.Build.0 = Release|Any CPU
		{9AC3066E-B08B-4A00-9AC2-EF7526F5ADC3}.Ad-Hoc|iPhone.ActiveCfg = Debug|Any CPU
		{9AC3066E-B08B-4A00-9AC2-EF7526F5ADC3}.Ad-Hoc|iPhone.Build.0 = Debug|Any CPU
		{9AC3066E-B08B-4A00-9AC2-EF7526F5ADC3}.AppStore|iPhone.ActiveCfg = Debug|Any CPU
		{9AC3066E-B08B-4A00-9AC2-EF7526F5ADC3}.AppStore|iPhone.Build.0 = Debug|Any CPU
		{A14A4D13-4C31-4132-9E42-452680B558E2}.Debug|Any CPU.ActiveCfg = Debug|iPhoneSimulator
		{A14A4D13-4C31-4132-9E42-452680B558E2}.Debug|Any CPU.Build.0 = Debug|iPhoneSimulator
		{A14A4D13-4C31-4132-9E42-452680B558E2}.Release|Any CPU.ActiveCfg = Release|iPhoneSimulator
		{A14A4D13-4C31-4132-9E42-452680B558E2}.Release|Any CPU.Build.0 = Release|iPhoneSimulator
		{A14A4D13-4C31-4132-9E42-452680B558E2}.Debug|iPhoneSimulator.ActiveCfg = Debug|iPhoneSimulator
		{A14A4D13-4C31-4132-9E42-452680B558E2}.Debug|iPhoneSimulator.Build.0 = Debug|iPhoneSimulator
		{A14A4D13-4C31-4132-9E42-452680B558E2}.Release|iPhoneSimulator.ActiveCfg = Release|iPhoneSimulator
		{A14A4D13-4C31-4132-9E42-452680B558E2}.Release|iPhoneSimulator.Build.0 = Release|iPhoneSimulator
		{A14A4D13-4C31-4132-9E42-452680B558E2}.Debug|iPhone.ActiveCfg = Debug|iPhone
		{A14A4D13-4C31-4132-9E42-452680B558E2}.Debug|iPhone.Build.0 = Debug|iPhone
		{A14A4D13-4C31-4132-9E42-452680B558E2}.Release|iPhone.ActiveCfg = Release|iPhone
		{A14A4D13-4C31-4132-9E42-452680B558E2}.Release|iPhone.Build.0 = Release|iPhone
		{A14A4D13-4C31-4132-9E42-452680B558E2}.Ad-Hoc|iPhone.ActiveCfg = Ad-Hoc|iPhone
		{A14A4D13-4C31-4132-9E42-452680B558E2}.Ad-Hoc|iPhone.Build.0 = Ad-Hoc|iPhone
		{A14A4D13-4C31-4132-9E42-452680B558E2}.AppStore|iPhone.ActiveCfg = AppStore|iPhone
		{A14A4D13-4C31-4132-9E42-452680B558E2}.AppStore|iPhone.Build.0 = AppStore|iPhone
		{ABBEFFCA-38FA-4B80-B905-AD630C5DA767}.Debug|Any CPU.ActiveCfg = Debug|Any CPU
		{ABBEFFCA-38FA-4B80-B905-AD630C5DA767}.Debug|Any CPU.Build.0 = Debug|Any CPU
		{ABBEFFCA-38FA-4B80-B905-AD630C5DA767}.Release|Any CPU.ActiveCfg = Release|Any CPU
		{ABBEFFCA-38FA-4B80-B905-AD630C5DA767}.Release|Any CPU.Build.0 = Release|Any CPU
		{ABBEFFCA-38FA-4B80-B905-AD630C5DA767}.Debug|iPhoneSimulator.ActiveCfg = Debug|Any CPU
		{ABBEFFCA-38FA-4B80-B905-AD630C5DA767}.Debug|iPhoneSimulator.Build.0 = Debug|Any CPU
		{ABBEFFCA-38FA-4B80-B905-AD630C5DA767}.Release|iPhoneSimulator.ActiveCfg = Release|Any CPU
		{ABBEFFCA-38FA-4B80-B905-AD630C5DA767}.Release|iPhoneSimulator.Build.0 = Release|Any CPU
		{ABBEFFCA-38FA-4B80-B905-AD630C5DA767}.Debug|iPhone.ActiveCfg = Debug|Any CPU
		{ABBEFFCA-38FA-4B80-B905-AD630C5DA767}.Debug|iPhone.Build.0 = Debug|Any CPU
		{ABBEFFCA-38FA-4B80-B905-AD630C5DA767}.Release|iPhone.ActiveCfg = Release|Any CPU
		{ABBEFFCA-38FA-4B80-B905-AD630C5DA767}.Release|iPhone.Build.0 = Release|Any CPU
		{ABBEFFCA-38FA-4B80-B905-AD630C5DA767}.Ad-Hoc|iPhone.ActiveCfg = Debug|Any CPU
		{ABBEFFCA-38FA-4B80-B905-AD630C5DA767}.Ad-Hoc|iPhone.Build.0 = Debug|Any CPU
		{ABBEFFCA-38FA-4B80-B905-AD630C5DA767}.AppStore|iPhone.ActiveCfg = Debug|Any CPU
		{ABBEFFCA-38FA-4B80-B905-AD630C5DA767}.AppStore|iPhone.Build.0 = Debug|Any CPU
	EndGlobalSection
EndGlobal
